
Microsoft Visual Studio Solution File, Format Version 12.00
# Visual Studio Version 16
VisualStudioVersion = 16.0.29519.87
MinimumVisualStudioVersion = 10.0.40219.1
Project("{FAE04EC0-301F-11D3-BF4B-00C04F79EFBC}") = "TwentyOne", "TwentyOne.csproj", "{A3364DAA-3525-43C1-BF39-6A50ABF13C89}"
EndProject
Project("{FAE04EC0-301F-11D3-BF4B-00C04F79EFBC}") = "Casino", "..\Casino\Casino.csproj", "{CE013EDF-1FA3-40D2-91C8-396E27EC296E}"
EndProject
Global
	GlobalSection(SolutionConfigurationPlatforms) = preSolution
		Debug|Any CPU = Debug|Any CPU
		Release|Any CPU = Release|Any CPU
	EndGlobalSection
	GlobalSection(ProjectConfigurationPlatforms) = postSolution
		{A3364DAA-3525-43C1-BF39-6A50ABF13C89}.Debug|Any CPU.ActiveCfg = Debug|Any CPU
		{A3364DAA-3525-43C1-BF39-6A50ABF13C89}.Debug|Any CPU.Build.0 = Debug|Any CPU
		{A3364DAA-3525-43C1-BF39-6A50ABF13C89}.Release|Any CPU.ActiveCfg = Release|Any CPU
		{A3364DAA-3525-43C1-BF39-6A50ABF13C89}.Release|Any CPU.Build.0 = Release|Any CPU
		{CE013EDF-1FA3-40D2-91C8-396E27EC296E}.Debug|Any CPU.ActiveCfg = Debug|Any CPU
		{CE013EDF-1FA3-40D2-91C8-396E27EC296E}.Debug|Any CPU.Build.0 = Debug|Any CPU
		{CE013EDF-1FA3-40D2-91C8-396E27EC296E}.Release|Any CPU.ActiveCfg = Release|Any CPU
		{CE013EDF-1FA3-40D2-91C8-396E27EC296E}.Release|Any CPU.Build.0 = Release|Any CPU
	EndGlobalSection
	GlobalSection(SolutionProperties) = preSolution
		HideSolutionNode = FALSE
	EndGlobalSection
	GlobalSection(ExtensibilityGlobals) = postSolution
		SolutionGuid = {434FB4CC-1A3B-4684-A7E1-DC2F6D6B7EB8}
	EndGlobalSection
EndGlobal
